// !$*UTF8*$!
{
	archiveVersion = 1;
	classes = {
	};
	objectVersion = 77;
	objects = {

/* Begin PBXContainerItemProxy section */
		38E5DCA52CA0BB0900CAE75C /* PBXContainerItemProxy */ = {
			isa = PBXContainerItemProxy;
			containerPortal = 38E5DC832CA0BB0500CAE75C /* Project object */;
			proxyType = 1;
			remoteGlobalIDString = 38E5DC8A2CA0BB0600CAE75C;
			remoteInfo = "tic-turing-toe";
		};
		38E5DCAF2CA0BB0A00CAE75C /* PBXContainerItemProxy */ = {
			isa = PBXContainerItemProxy;
			containerPortal = 38E5DC832CA0BB0500CAE75C /* Project object */;
			proxyType = 1;
			remoteGlobalIDString = 38E5DC8A2CA0BB0600CAE75C;
			remoteInfo = "tic-turing-toe";
		};
/* End PBXContainerItemProxy section */

/* Begin PBXFileReference section */
		38E5DC8B2CA0BB0600CAE75C /* tic-turing-toe.app */ = {isa = PBXFileReference; explicitFileType = wrapper.application; includeInIndex = 0; path = "tic-turing-toe.app"; sourceTree = BUILT_PRODUCTS_DIR; };
		38E5DCA42CA0BB0900CAE75C /* tic-turing-toeTests.xctest */ = {isa = PBXFileReference; explicitFileType = wrapper.cfbundle; includeInIndex = 0; path = "tic-turing-toeTests.xctest"; sourceTree = BUILT_PRODUCTS_DIR; };
		38E5DCAE2CA0BB0A00CAE75C /* tic-turing-toeUITests.xctest */ = {isa = PBXFileReference; explicitFileType = wrapper.cfbundle; includeInIndex = 0; path = "tic-turing-toeUITests.xctest"; sourceTree = BUILT_PRODUCTS_DIR; };
/* End PBXFileReference section */

/* Begin PBXFileSystemSynchronizedBuildFileExceptionSet section */
		38E5DCB62CA0BB0A00CAE75C /* Exceptions for "tic-turing-toe" folder in "tic-turing-toe" target */ = {
			isa = PBXFileSystemSynchronizedBuildFileExceptionSet;
			membershipExceptions = (
				Info.plist,
			);
			target = 38E5DC8A2CA0BB0600CAE75C /* tic-turing-toe */;
		};
/* End PBXFileSystemSynchronizedBuildFileExceptionSet section */

/* Begin PBXFileSystemSynchronizedRootGroup section */
		38E5DC8D2CA0BB0600CAE75C /* tic-turing-toe */ = {
			isa = PBXFileSystemSynchronizedRootGroup;
			exceptions = (
				38E5DCB62CA0BB0A00CAE75C /* Exceptions for "tic-turing-toe" folder in "tic-turing-toe" target */,
			);
			path = "tic-turing-toe";
			sourceTree = "<group>";
		};
		38E5DCA72CA0BB0900CAE75C /* tic-turing-toeTests */ = {
			isa = PBXFileSystemSynchronizedRootGroup;
			path = "tic-turing-toeTests";
			sourceTree = "<group>";
		};
		38E5DCB12CA0BB0A00CAE75C /* tic-turing-toeUITests */ = {
			isa = PBXFileSystemSynchronizedRootGroup;
			path = "tic-turing-toeUITests";
			sourceTree = "<group>";
		};
/* End PBXFileSystemSynchronizedRootGroup section */

/* Begin PBXFrameworksBuildPhase section */
		38E5DC882CA0BB0600CAE75C /* Frameworks */ = {
			isa = PBXFrameworksBuildPhase;
			buildActionMask = 2147483647;
			files = (
			);
			runOnlyForDeploymentPostprocessing = 0;
		};
		38E5DCA12CA0BB0900CAE75C /* Frameworks */ = {
			isa = PBXFrameworksBuildPhase;
			buildActionMask = 2147483647;
			files = (
			);
			runOnlyForDeploymentPostprocessing = 0;
		};
		38E5DCAB2CA0BB0A00CAE75C /* Frameworks */ = {
			isa = PBXFrameworksBuildPhase;
			buildActionMask = 2147483647;
			files = (
			);
			runOnlyForDeploymentPostprocessing = 0;
		};
/* End PBXFrameworksBuildPhase section */

/* Begin PBXGroup section */
		38E5DC822CA0BB0500CAE75C = {
			isa = PBXGroup;
			children = (
				38E5DC8D2CA0BB0600CAE75C /* tic-turing-toe */,
				38E5DCA72CA0BB0900CAE75C /* tic-turing-toeTests */,
				38E5DCB12CA0BB0A00CAE75C /* tic-turing-toeUITests */,
				38E5DC8C2CA0BB0600CAE75C /* Products */,
			);
			sourceTree = "<group>";
		};
		38E5DC8C2CA0BB0600CAE75C /* Products */ = {
			isa = PBXGroup;
			children = (
				38E5DC8B2CA0BB0600CAE75C /* tic-turing-toe.app */,
				38E5DCA42CA0BB0900CAE75C /* tic-turing-toeTests.xctest */,
				38E5DCAE2CA0BB0A00CAE75C /* tic-turing-toeUITests.xctest */,
			);
			name = Products;
			sourceTree = "<group>";
		};
/* End PBXGroup section */

/* Begin PBXNativeTarget section */
		38E5DC8A2CA0BB0600CAE75C /* tic-turing-toe */ = {
			isa = PBXNativeTarget;
			buildConfigurationList = 38E5DCB72CA0BB0A00CAE75C /* Build configuration list for PBXNativeTarget "tic-turing-toe" */;
			buildPhases = (
				38E5DC872CA0BB0600CAE75C /* Sources */,
				38E5DC882CA0BB0600CAE75C /* Frameworks */,
				38E5DC892CA0BB0600CAE75C /* Resources */,
			);
			buildRules = (
			);
			dependencies = (
			);
			fileSystemSynchronizedGroups = (
				38E5DC8D2CA0BB0600CAE75C /* tic-turing-toe */,
			);
			name = "tic-turing-toe";
			packageProductDependencies = (
			);
			productName = "tic-turing-toe";
			productReference = 38E5DC8B2CA0BB0600CAE75C /* tic-turing-toe.app */;
			productType = "com.apple.product-type.application";
		};
		38E5DCA32CA0BB0900CAE75C /* tic-turing-toeTests */ = {
			isa = PBXNativeTarget;
			buildConfigurationList = 38E5DCBC2CA0BB0A00CAE75C /* Build configuration list for PBXNativeTarget "tic-turing-toeTests" */;
			buildPhases = (
				38E5DCA02CA0BB0900CAE75C /* Sources */,
				38E5DCA12CA0BB0900CAE75C /* Frameworks */,
				38E5DCA22CA0BB0900CAE75C /* Resources */,
			);
			buildRules = (
			);
			dependencies = (
				38E5DCA62CA0BB0900CAE75C /* PBXTargetDependency */,
			);
			fileSystemSynchronizedGroups = (
				38E5DCA72CA0BB0900CAE75C /* tic-turing-toeTests */,
			);
			name = "tic-turing-toeTests";
			packageProductDependencies = (
			);
			productName = "tic-turing-toeTests";
			productReference = 38E5DCA42CA0BB0900CAE75C /* tic-turing-toeTests.xctest */;
			productType = "com.apple.product-type.bundle.unit-test";
		};
		38E5DCAD2CA0BB0A00CAE75C /* tic-turing-toeUITests */ = {
			isa = PBXNativeTarget;
			buildConfigurationList = 38E5DCBF2CA0BB0A00CAE75C /* Build configuration list for PBXNativeTarget "tic-turing-toeUITests" */;
			buildPhases = (
				38E5DCAA2CA0BB0A00CAE75C /* Sources */,
				38E5DCAB2CA0BB0A00CAE75C /* Frameworks */,
				38E5DCAC2CA0BB0A00CAE75C /* Resources */,
			);
			buildRules = (
			);
			dependencies = (
				38E5DCB02CA0BB0A00CAE75C /* PBXTargetDependency */,
			);
			fileSystemSynchronizedGroups = (
				38E5DCB12CA0BB0A00CAE75C /* tic-turing-toeUITests */,
			);
			name = "tic-turing-toeUITests";
			packageProductDependencies = (
			);
			productName = "tic-turing-toeUITests";
			productReference = 38E5DCAE2CA0BB0A00CAE75C /* tic-turing-toeUITests.xctest */;
			productType = "com.apple.product-type.bundle.ui-testing";
		};
/* End PBXNativeTarget section */

/* Begin PBXProject section */
		38E5DC832CA0BB0500CAE75C /* Project object */ = {
			isa = PBXProject;
			attributes = {
				BuildIndependentTargetsInParallel = 1;
				LastSwiftUpdateCheck = 1600;
				LastUpgradeCheck = 1600;
				TargetAttributes = {
					38E5DC8A2CA0BB0600CAE75C = {
						CreatedOnToolsVersion = 16.0;
					};
					38E5DCA32CA0BB0900CAE75C = {
						CreatedOnToolsVersion = 16.0;
						TestTargetID = 38E5DC8A2CA0BB0600CAE75C;
					};
					38E5DCAD2CA0BB0A00CAE75C = {
						CreatedOnToolsVersion = 16.0;
						TestTargetID = 38E5DC8A2CA0BB0600CAE75C;
					};
				};
			};
			buildConfigurationList = 38E5DC862CA0BB0500CAE75C /* Build configuration list for PBXProject "tic-turing-toe" */;
			developmentRegion = en;
			hasScannedForEncodings = 0;
			knownRegions = (
				en,
				Base,
			);
			mainGroup = 38E5DC822CA0BB0500CAE75C;
			minimizedProjectReferenceProxies = 1;
			preferredProjectObjectVersion = 77;
			productRefGroup = 38E5DC8C2CA0BB0600CAE75C /* Products */;
			projectDirPath = "";
			projectRoot = "";
			targets = (
				38E5DC8A2CA0BB0600CAE75C /* tic-turing-toe */,
				38E5DCA32CA0BB0900CAE75C /* tic-turing-toeTests */,
				38E5DCAD2CA0BB0A00CAE75C /* tic-turing-toeUITests */,
			);
		};
/* End PBXProject section */

/* Begin PBXResourcesBuildPhase section */
		38E5DC892CA0BB0600CAE75C /* Resources */ = {
			isa = PBXResourcesBuildPhase;
			buildActionMask = 2147483647;
			files = (
			);
			runOnlyForDeploymentPostprocessing = 0;
		};
		38E5DCA22CA0BB0900CAE75C /* Resources */ = {
			isa = PBXResourcesBuildPhase;
			buildActionMask = 2147483647;
			files = (
			);
			runOnlyForDeploymentPostprocessing = 0;
		};
		38E5DCAC2CA0BB0A00CAE75C /* Resources */ = {
			isa = PBXResourcesBuildPhase;
			buildActionMask = 2147483647;
			files = (
			);
			runOnlyForDeploymentPostprocessing = 0;
		};
/* End PBXResourcesBuildPhase section */

/* Begin PBXSourcesBuildPhase section */
		38E5DC872CA0BB0600CAE75C /* Sources */ = {
			isa = PBXSourcesBuildPhase;
			buildActionMask = 2147483647;
			files = (
			);
			runOnlyForDeploymentPostprocessing = 0;
		};
		38E5DCA02CA0BB0900CAE75C /* Sources */ = {
			isa = PBXSourcesBuildPhase;
			buildActionMask = 2147483647;
			files = (
			);
			runOnlyForDeploymentPostprocessing = 0;
		};
		38E5DCAA2CA0BB0A00CAE75C /* Sources */ = {
			isa = PBXSourcesBuildPhase;
			buildActionMask = 2147483647;
			files = (
			);
			runOnlyForDeploymentPostprocessing = 0;
		};
/* End PBXSourcesBuildPhase section */

/* Begin PBXTargetDependency section */
		38E5DCA62CA0BB0900CAE75C /* PBXTargetDependency */ = {
			isa = PBXTargetDependency;
			target = 38E5DC8A2CA0BB0600CAE75C /* tic-turing-toe */;
			targetProxy = 38E5DCA52CA0BB0900CAE75C /* PBXContainerItemProxy */;
		};
		38E5DCB02CA0BB0A00CAE75C /* PBXTargetDependency */ = {
			isa = PBXTargetDependency;
			target = 38E5DC8A2CA0BB0600CAE75C /* tic-turing-toe */;
			targetProxy = 38E5DCAF2CA0BB0A00CAE75C /* PBXContainerItemProxy */;
		};
/* End PBXTargetDependency section */

/* Begin XCBuildConfiguration section */
		38E5DCB82CA0BB0A00CAE75C /* Debug */ = {
			isa = XCBuildConfiguration;
			buildSettings = {
				ASSETCATALOG_COMPILER_APPICON_NAME = AppIcon;
				ASSETCATALOG_COMPILER_GLOBAL_ACCENT_COLOR_NAME = AccentColor;
				CODE_SIGN_STYLE = Automatic;
				CURRENT_PROJECT_VERSION = 1;
				DEVELOPMENT_TEAM = QV5G283426;
				GENERATE_INFOPLIST_FILE = YES;
				INFOPLIST_FILE = "tic-turing-toe/Info.plist";
				INFOPLIST_KEY_UIApplicationSupportsIndirectInputEvents = YES;
				INFOPLIST_KEY_UILaunchStoryboardName = LaunchScreen;
				INFOPLIST_KEY_UISupportedInterfaceOrientations = UIInterfaceOrientationPortrait;
				IPHONEOS_DEPLOYMENT_TARGET = 16.6;
				LD_RUNPATH_SEARCH_PATHS = (
					"$(inherited)",
					"@executable_path/Frameworks",
				);
				MARKETING_VERSION = 1.0;
				PRODUCT_BUNDLE_IDENTIFIER = "priyank.asu.tic-turing-toe";
				PRODUCT_NAME = "$(TARGET_NAME)";
				SWIFT_EMIT_LOC_STRINGS = YES;
				SWIFT_VERSION = 5.0;
				TARGETED_DEVICE_FAMILY = "1,2";
			};
			name = Debug;
		};
		38E5DCB92CA0BB0A00CAE75C /* Release */ = {
			isa = XCBuildConfiguration;
			buildSettings = {
				ASSETCATALOG_COMPILER_APPICON_NAME = AppIcon;
				ASSETCATALOG_COMPILER_GLOBAL_ACCENT_COLOR_NAME = AccentColor;
				CODE_SIGN_STYLE = Automatic;
				CURRENT_PROJECT_VERSION = 1;
				DEVELOPMENT_TEAM = QV5G283426;
				GENERATE_INFOPLIST_FILE = YES;
				INFOPLIST_FILE = "tic-turing-toe/Info.plist";
				INFOPLIST_KEY_UIApplicationSupportsIndirectInputEvents = YES;
				INFOPLIST_KEY_UILaunchStoryboardName = LaunchScreen;
				INFOPLIST_KEY_UISupportedInterfaceOrientations = UIInterfaceOrientationPortrait;
				IPHONEOS_DEPLOYMENT_TARGET = 16.6;
				LD_RUNPATH_SEARCH_PATHS = (
					"$(inherited)",
					"@executable_path/Frameworks",
				);
				MARKETING_VERSION = 1.0;
				PRODUCT_BUNDLE_IDENTIFIER = "priyank.asu.tic-turing-toe";
				PRODUCT_NAME = "$(TARGET_NAME)";
				SWIFT_EMIT_LOC_STRINGS = YES;
				SWIFT_VERSION = 5.0;
				TARGETED_DEVICE_FAMILY = "1,2";
			};
			name = Release;
		};
		38E5DCBA2CA0BB0A00CAE75C /* Debug */ = {
			isa = XCBuildConfiguration;
			buildSettings = {
				ALWAYS_SEARCH_USER_PATHS = NO;
				ASSETCATALOG_COMPILER_GENERATE_SWIFT_ASSET_SYMBOL_EXTENSIONS = YES;
				CLANG_ANALYZER_NONNULL = YES;
				CLANG_ANALYZER_NUMBER_OBJECT_CONVERSION = YES_AGGRESSIVE;
				CLANG_CXX_LANGUAGE_STANDARD = "gnu++20";
				CLANG_ENABLE_MODULES = YES;
				CLANG_ENABLE_OBJC_ARC = YES;
				CLANG_ENABLE_OBJC_WEAK = YES;
				CLANG_WARN_BLOCK_CAPTURE_AUTORELEASING = YES;
				CLANG_WARN_BOOL_CONVERSION = YES;
				CLANG_WARN_COMMA = YES;
				CLANG_WARN_CONSTANT_CONVERSION = YES;
				CLANG_WARN_DEPRECATED_OBJC_IMPLEMENTATIONS = YES;
				CLANG_WARN_DIRECT_OBJC_ISA_USAGE = YES_ERROR;
				CLANG_WARN_DOCUMENTATION_COMMENTS = YES;
				CLANG_WARN_EMPTY_BODY = YES;
				CLANG_WARN_ENUM_CONVERSION = YES;
				CLANG_WARN_INFINITE_RECURSION = YES;
				CLANG_WARN_INT_CONVERSION = YES;
				CLANG_WARN_NON_LITERAL_NULL_CONVERSION = YES;
				CLANG_WARN_OBJC_IMPLICIT_RETAIN_SELF = YES;
				CLANG_WARN_OBJC_LITERAL_CONVERSION = YES;
				CLANG_WARN_OBJC_ROOT_CLASS = YES_ERROR;
				CLANG_WARN_QUOTED_INCLUDE_IN_FRAMEWORK_HEADER = YES;
				CLANG_WARN_RANGE_LOOP_ANALYSIS = YES;
				CLANG_WARN_STRICT_PROTOTYPES = YES;
				CLANG_WARN_SUSPICIOUS_MOVE = YES;
				CLANG_WARN_UNGUARDED_AVAILABILITY = YES_AGGRESSIVE;
				CLANG_WARN_UNREACHABLE_CODE = YES;
				CLANG_WARN__DUPLICATE_METHOD_MATCH = YES;
				COPY_PHASE_STRIP = NO;
				DEBUG_INFORMATION_FORMAT = dwarf;
				ENABLE_STRICT_OBJC_MSGSEND = YES;
				ENABLE_TESTABILITY = YES;
				ENABLE_USER_SCRIPT_SANDBOXING = YES;
				GCC_C_LANGUAGE_STANDARD = gnu17;
				GCC_DYNAMIC_NO_PIC = NO;
				GCC_NO_COMMON_BLOCKS = YES;
				GCC_OPTIMIZATION_LEVEL = 0;
				GCC_PREPROCESSOR_DEFINITIONS = (
					"DEBUG=1",
					"$(inherited)",
				);
				GCC_WARN_64_TO_32_BIT_CONVERSION = YES;
				GCC_WARN_ABOUT_RETURN_TYPE = YES_ERROR;
				GCC_WARN_UNDECLARED_SELECTOR = YES;
				GCC_WARN_UNINITIALIZED_AUTOS = YES_AGGRESSIVE;
				GCC_WARN_UNUSED_FUNCTION = YES;
				GCC_WARN_UNUSED_VARIABLE = YES;
				IPHONEOS_DEPLOYMENT_TARGET = 18.0;
				LOCALIZATION_PREFERS_STRING_CATALOGS = YES;
				MTL_ENABLE_DEBUG_INFO = INCLUDE_SOURCE;
				MTL_FAST_MATH = YES;
				ONLY_ACTIVE_ARCH = YES;
				SDKROOT = iphoneos;
				SWIFT_ACTIVE_COMPILATION_CONDITIONS = "DEBUG $(inherited)";
				SWIFT_OPTIMIZATION_LEVEL = "-Onone";
			};
			name = Debug;
		};
		38E5DCBB2CA0BB0A00CAE75C /* Release */ = {
			isa = XCBuildConfiguration;
			buildSettings = {
				ALWAYS_SEARCH_USER_PATHS = NO;
				ASSETCATALOG_COMPILER_GENERATE_SWIFT_ASSET_SYMBOL_EXTENSIONS = YES;
				CLANG_ANALYZER_NONNULL = YES;
				CLANG_ANALYZER_NUMBER_OBJECT_CONVERSION = YES_AGGRESSIVE;
				CLANG_CXX_LANGUAGE_STANDARD = "gnu++20";
				CLANG_ENABLE_MODULES = YES;
				CLANG_ENABLE_OBJC_ARC = YES;
				CLANG_ENABLE_OBJC_WEAK = YES;
				CLANG_WARN_BLOCK_CAPTURE_AUTORELEASING = YES;
				CLANG_WARN_BOOL_CONVERSION = YES;
				CLANG_WARN_COMMA = YES;
				CLANG_WARN_CONSTANT_CONVERSION = YES;
				CLANG_WARN_DEPRECATED_OBJC_IMPLEMENTATIONS = YES;
				CLANG_WARN_DIRECT_OBJC_ISA_USAGE = YES_ERROR;
				CLANG_WARN_DOCUMENTATION_COMMENTS = YES;
				CLANG_WARN_EMPTY_BODY = YES;
				CLANG_WARN_ENUM_CONVERSION = YES;
				CLANG_WARN_INFINITE_RECURSION = YES;
				CLANG_WARN_INT_CONVERSION = YES;
				CLANG_WARN_NON_LITERAL_NULL_CONVERSION = YES;
				CLANG_WARN_OBJC_IMPLICIT_RETAIN_SELF = YES;
				CLANG_WARN_OBJC_LITERAL_CONVERSION = YES;
				CLANG_WARN_OBJC_ROOT_CLASS = YES_ERROR;
				CLANG_WARN_QUOTED_INCLUDE_IN_FRAMEWORK_HEADER = YES;
				CLANG_WARN_RANGE_LOOP_ANALYSIS = YES;
				CLANG_WARN_STRICT_PROTOTYPES = YES;
				CLANG_WARN_SUSPICIOUS_MOVE = YES;
				CLANG_WARN_UNGUARDED_AVAILABILITY = YES_AGGRESSIVE;
				CLANG_WARN_UNREACHABLE_CODE = YES;
				CLANG_WARN__DUPLICATE_METHOD_MATCH = YES;
				COPY_PHASE_STRIP = NO;
				DEBUG_INFORMATION_FORMAT = "dwarf-with-dsym";
				ENABLE_NS_ASSERTIONS = NO;
				ENABLE_STRICT_OBJC_MSGSEND = YES;
				ENABLE_USER_SCRIPT_SANDBOXING = YES;
				GCC_C_LANGUAGE_STANDARD = gnu17;
				GCC_NO_COMMON_BLOCKS = YES;
				GCC_WARN_64_TO_32_BIT_CONVERSION = YES;
				GCC_WARN_ABOUT_RETURN_TYPE = YES_ERROR;
				GCC_WARN_UNDECLARED_SELECTOR = YES;
				GCC_WARN_UNINITIALIZED_AUTOS = YES_AGGRESSIVE;
				GCC_WARN_UNUSED_FUNCTION = YES;
				GCC_WARN_UNUSED_VARIABLE = YES;
				IPHONEOS_DEPLOYMENT_TARGET = 18.0;
				LOCALIZATION_PREFERS_STRING_CATALOGS = YES;
				MTL_ENABLE_DEBUG_INFO = NO;
				MTL_FAST_MATH = YES;
				SDKROOT = iphoneos;
				SWIFT_COMPILATION_MODE = wholemodule;
				VALIDATE_PRODUCT = YES;
			};
			name = Release;
		};
		38E5DCBD2CA0BB0A00CAE75C /* Debug */ = {
			isa = XCBuildConfiguration;
			buildSettings = {
				BUNDLE_LOADER = "$(TEST_HOST)";
				CODE_SIGN_STYLE = Automatic;
				CURRENT_PROJECT_VERSION = 1;
				DEVELOPMENT_TEAM = QV5G283426;
				GENERATE_INFOPLIST_FILE = YES;
				IPHONEOS_DEPLOYMENT_TARGET = 18.0;
				MARKETING_VERSION = 1.0;
				PRODUCT_BUNDLE_IDENTIFIER = "priyank.asu.tic-turing-toeTests";
				PRODUCT_NAME = "$(TARGET_NAME)";
				SWIFT_EMIT_LOC_STRINGS = NO;
				SWIFT_VERSION = 5.0;
				TARGETED_DEVICE_FAMILY = "1,2";
				TEST_HOST = "$(BUILT_PRODUCTS_DIR)/tic-turing-toe.app/$(BUNDLE_EXECUTABLE_FOLDER_PATH)/tic-turing-toe";
			};
			name = Debug;
		};
		38E5DCBE2CA0BB0A00CAE75C /* Release */ = {
			isa = XCBuildConfiguration;
			buildSettings = {
				BUNDLE_LOADER = "$(TEST_HOST)";
				CODE_SIGN_STYLE = Automatic;
				CURRENT_PROJECT_VERSION = 1;
				DEVELOPMENT_TEAM = QV5G283426;
				GENERATE_INFOPLIST_FILE = YES;
				IPHONEOS_DEPLOYMENT_TARGET = 18.0;
				MARKETING_VERSION = 1.0;
				PRODUCT_BUNDLE_IDENTIFIER = "priyank.asu.tic-turing-toeTests";
				PRODUCT_NAME = "$(TARGET_NAME)";
				SWIFT_EMIT_LOC_STRINGS = NO;
				SWIFT_VERSION = 5.0;
				TARGETED_DEVICE_FAMILY = "1,2";
				TEST_HOST = "$(BUILT_PRODUCTS_DIR)/tic-turing-toe.app/$(BUNDLE_EXECUTABLE_FOLDER_PATH)/tic-turing-toe";
			};
			name = Release;
		};
		38E5DCC02CA0BB0A00CAE75C /* Debug */ = {
			isa = XCBuildConfiguration;
			buildSettings = {
				CODE_SIGN_STYLE = Automatic;
				CURRENT_PROJECT_VERSION = 1;
				DEVELOPMENT_TEAM = QV5G283426;
				GENERATE_INFOPLIST_FILE = YES;
				MARKETING_VERSION = 1.0;
				PRODUCT_BUNDLE_IDENTIFIER = "priyank.asu.tic-turing-toeUITests";
				PRODUCT_NAME = "$(TARGET_NAME)";
				SWIFT_EMIT_LOC_STRINGS = NO;
				SWIFT_VERSION = 5.0;
				TARGETED_DEVICE_FAMILY = "1,2";
				TEST_TARGET_NAME = "tic-turing-toe";
			};
			name = Debug;
		};
		38E5DCC12CA0BB0A00CAE75C /* Release */ = {
			isa = XCBuildConfiguration;
			buildSettings = {
				CODE_SIGN_STYLE = Automatic;
				CURRENT_PROJECT_VERSION = 1;
				DEVELOPMENT_TEAM = QV5G283426;
				GENERATE_INFOPLIST_FILE = YES;
				MARKETING_VERSION = 1.0;
				PRODUCT_BUNDLE_IDENTIFIER = "priyank.asu.tic-turing-toeUITests";
				PRODUCT_NAME = "$(TARGET_NAME)";
				SWIFT_EMIT_LOC_STRINGS = NO;
				SWIFT_VERSION = 5.0;
				TARGETED_DEVICE_FAMILY = "1,2";
				TEST_TARGET_NAME = "tic-turing-toe";
			};
			name = Release;
		};
/* End XCBuildConfiguration section */

/* Begin XCConfigurationList section */
		38E5DC862CA0BB0500CAE75C /* Build configuration list for PBXProject "tic-turing-toe" */ = {
			isa = XCConfigurationList;
			buildConfigurations = (
				38E5DCBA2CA0BB0A00CAE75C /* Debug */,
				38E5DCBB2CA0BB0A00CAE75C /* Release */,
			);
			defaultConfigurationIsVisible = 0;
			defaultConfigurationName = Release;
		};
		38E5DCB72CA0BB0A00CAE75C /* Build configuration list for PBXNativeTarget "tic-turing-toe" */ = {
			isa = XCConfigurationList;
			buildConfigurations = (
				38E5DCB82CA0BB0A00CAE75C /* Debug */,
				38E5DCB92CA0BB0A00CAE75C /* Release */,
			);
			defaultConfigurationIsVisible = 0;
			defaultConfigurationName = Release;
		};
		38E5DCBC2CA0BB0A00CAE75C /* Build configuration list for PBXNativeTarget "tic-turing-toeTests" */ = {
			isa = XCConfigurationList;
			buildConfigurations = (
				38E5DCBD2CA0BB0A00CAE75C /* Debug */,
				38E5DCBE2CA0BB0A00CAE75C /* Release */,
			);
			defaultConfigurationIsVisible = 0;
			defaultConfigurationName = Release;
		};
		38E5DCBF2CA0BB0A00CAE75C /* Build configuration list for PBXNativeTarget "tic-turing-toeUITests" */ = {
			isa = XCConfigurationList;
			buildConfigurations = (
				38E5DCC02CA0BB0A00CAE75C /* Debug */,
				38E5DCC12CA0BB0A00CAE75C /* Release */,
			);
			defaultConfigurationIsVisible = 0;
			defaultConfigurationName = Release;
		};
/* End XCConfigurationList section */
	};
	rootObject = 38E5DC832CA0BB0500CAE75C /* Project object */;
}
